// !$*UTF8*$!
{
	archiveVersion = 1;
	classes = {
	};
	objectVersion = 60;
	objects = {

/* Begin PBXBuildFile section */
		7E8344172C5D9FD200F7CE33 /* AppDelegate.swift in Sources */ = {isa = PBXBuildFile; fileRef = 7E8344162C5D9FD200F7CE33 /* AppDelegate.swift */; };
		7E8344192C5D9FD200F7CE33 /* SceneDelegate.swift in Sources */ = {isa = PBXBuildFile; fileRef = 7E8344182C5D9FD200F7CE33 /* SceneDelegate.swift */; };
		7E83441B2C5D9FD200F7CE33 /* SearchViewController.swift in Sources */ = {isa = PBXBuildFile; fileRef = 7E83441A2C5D9FD200F7CE33 /* SearchViewController.swift */; };
		7E8344202C5D9FD300F7CE33 /* Assets.xcassets in Resources */ = {isa = PBXBuildFile; fileRef = 7E83441F2C5D9FD300F7CE33 /* Assets.xcassets */; };
		7E8344232C5D9FD300F7CE33 /* Base in Resources */ = {isa = PBXBuildFile; fileRef = 7E8344222C5D9FD300F7CE33 /* Base */; };
		7E83442C2C5DA12D00F7CE33 /* SearchViewModel.swift in Sources */ = {isa = PBXBuildFile; fileRef = 7E83442B2C5DA12D00F7CE33 /* SearchViewModel.swift */; };
		7E83442F2C5DA14300F7CE33 /* APIModel.swift in Sources */ = {isa = PBXBuildFile; fileRef = 7E83442E2C5DA14300F7CE33 /* APIModel.swift */; };
		7E8344312C5DD29F00F7CE33 /* ListAirportViewController.swift in Sources */ = {isa = PBXBuildFile; fileRef = 7E8344302C5DD29F00F7CE33 /* ListAirportViewController.swift */; };
		7E8344332C5DD7EB00F7CE33 /* CellViewController.swift in Sources */ = {isa = PBXBuildFile; fileRef = 7E8344322C5DD7EB00F7CE33 /* CellViewController.swift */; };
		7E8344352C5EA39600F7CE33 /* LocationMapViewController.swift in Sources */ = {isa = PBXBuildFile; fileRef = 7E8344342C5EA39600F7CE33 /* LocationMapViewController.swift */; };
		7E83443B2C5EC3C000F7CE33 /* Main.storyboard in Resources */ = {isa = PBXBuildFile; fileRef = 7E8344392C5EC15A00F7CE33 /* Main.storyboard */; };
		B22077B38D8EE9C2C313102F /* Pods_newSearchJoselyn.framework in Frameworks */ = {isa = PBXBuildFile; fileRef = 69A6A37FD350D59AAB9373EB /* Pods_newSearchJoselyn.framework */; };
/* End PBXBuildFile section */

/* Begin PBXFileReference section */
		69A6A37FD350D59AAB9373EB /* Pods_newSearchJoselyn.framework */ = {isa = PBXFileReference; explicitFileType = wrapper.framework; includeInIndex = 0; path = Pods_newSearchJoselyn.framework; sourceTree = BUILT_PRODUCTS_DIR; };
		7E8344132C5D9FD200F7CE33 /* newSearchJoselyn.app */ = {isa = PBXFileReference; explicitFileType = wrapper.application; includeInIndex = 0; path = newSearchJoselyn.app; sourceTree = BUILT_PRODUCTS_DIR; };
		7E8344162C5D9FD200F7CE33 /* AppDelegate.swift */ = {isa = PBXFileReference; lastKnownFileType = sourcecode.swift; path = AppDelegate.swift; sourceTree = "<group>"; };
		7E8344182C5D9FD200F7CE33 /* SceneDelegate.swift */ = {isa = PBXFileReference; lastKnownFileType = sourcecode.swift; path = SceneDelegate.swift; sourceTree = "<group>"; };
		7E83441A2C5D9FD200F7CE33 /* SearchViewController.swift */ = {isa = PBXFileReference; lastKnownFileType = sourcecode.swift; path = SearchViewController.swift; sourceTree = "<group>"; };
		7E83441F2C5D9FD300F7CE33 /* Assets.xcassets */ = {isa = PBXFileReference; lastKnownFileType = folder.assetcatalog; path = Assets.xcassets; sourceTree = "<group>"; };
		7E8344222C5D9FD300F7CE33 /* Base */ = {isa = PBXFileReference; lastKnownFileType = file.storyboard; name = Base; path = Base.lproj/LaunchScreen.storyboard; sourceTree = "<group>"; };
		7E8344242C5D9FD300F7CE33 /* Info.plist */ = {isa = PBXFileReference; lastKnownFileType = text.plist.xml; path = Info.plist; sourceTree = "<group>"; };
		7E83442B2C5DA12D00F7CE33 /* SearchViewModel.swift */ = {isa = PBXFileReference; lastKnownFileType = sourcecode.swift; path = SearchViewModel.swift; sourceTree = "<group>"; };
		7E83442E2C5DA14300F7CE33 /* APIModel.swift */ = {isa = PBXFileReference; lastKnownFileType = sourcecode.swift; path = APIModel.swift; sourceTree = "<group>"; };
		7E8344302C5DD29F00F7CE33 /* ListAirportViewController.swift */ = {isa = PBXFileReference; lastKnownFileType = sourcecode.swift; path = ListAirportViewController.swift; sourceTree = "<group>"; };
		7E8344322C5DD7EB00F7CE33 /* CellViewController.swift */ = {isa = PBXFileReference; lastKnownFileType = sourcecode.swift; path = CellViewController.swift; sourceTree = "<group>"; };
		7E8344342C5EA39600F7CE33 /* LocationMapViewController.swift */ = {isa = PBXFileReference; lastKnownFileType = sourcecode.swift; path = LocationMapViewController.swift; sourceTree = "<group>"; };
		7E8344382C5EC15A00F7CE33 /* Base */ = {isa = PBXFileReference; lastKnownFileType = file.storyboard; name = Base; path = Base.lproj/Main.storyboard; sourceTree = "<group>"; };
		7E83443A2C5EC15A00F7CE33 /* mul */ = {isa = PBXFileReference; lastKnownFileType = text.json.xcstrings; name = mul; path = mul.lproj/Main.xcstrings; sourceTree = "<group>"; };
		A374B6D1B02DA166A8687D64 /* Pods-newSearchJoselyn.release.xcconfig */ = {isa = PBXFileReference; includeInIndex = 1; lastKnownFileType = text.xcconfig; name = "Pods-newSearchJoselyn.release.xcconfig"; path = "Target Support Files/Pods-newSearchJoselyn/Pods-newSearchJoselyn.release.xcconfig"; sourceTree = "<group>"; };
		B3D89E42CA63CE917AC5CD95 /* Pods-newSearchJoselyn.debug.xcconfig */ = {isa = PBXFileReference; includeInIndex = 1; lastKnownFileType = text.xcconfig; name = "Pods-newSearchJoselyn.debug.xcconfig"; path = "Target Support Files/Pods-newSearchJoselyn/Pods-newSearchJoselyn.debug.xcconfig"; sourceTree = "<group>"; };
/* End PBXFileReference section */

/* Begin PBXFrameworksBuildPhase section */
		7E8344102C5D9FD200F7CE33 /* Frameworks */ = {
			isa = PBXFrameworksBuildPhase;
			buildActionMask = 2147483647;
			files = (
				B22077B38D8EE9C2C313102F /* Pods_newSearchJoselyn.framework in Frameworks */,
			);
			runOnlyForDeploymentPostprocessing = 0;
		};
/* End PBXFrameworksBuildPhase section */

/* Begin PBXGroup section */
		730EDBFFA1ABDC62B29D2155 /* Frameworks */ = {
			isa = PBXGroup;
			children = (
				69A6A37FD350D59AAB9373EB /* Pods_newSearchJoselyn.framework */,
			);
			name = Frameworks;
			sourceTree = "<group>";
		};
		7E83440A2C5D9FD200F7CE33 = {
			isa = PBXGroup;
			children = (
				7E8344152C5D9FD200F7CE33 /* newSearchJoselyn */,
				7E8344142C5D9FD200F7CE33 /* Products */,
				84EEB32A3B080474B91C408C /* Pods */,
				730EDBFFA1ABDC62B29D2155 /* Frameworks */,
			);
			sourceTree = "<group>";
		};
		7E8344142C5D9FD200F7CE33 /* Products */ = {
			isa = PBXGroup;
			children = (
				7E8344132C5D9FD200F7CE33 /* newSearchJoselyn.app */,
			);
			name = Products;
			sourceTree = "<group>";
		};
		7E8344152C5D9FD200F7CE33 /* newSearchJoselyn */ = {
			isa = PBXGroup;
			children = (
				7E8344162C5D9FD200F7CE33 /* AppDelegate.swift */,
				7E8344182C5D9FD200F7CE33 /* SceneDelegate.swift */,
				7E83442A2C5DA0C900F7CE33 /* Search */,
				7E8344392C5EC15A00F7CE33 /* Main.storyboard */,
				7E83441F2C5D9FD300F7CE33 /* Assets.xcassets */,
				7E8344212C5D9FD300F7CE33 /* LaunchScreen.storyboard */,
				7E8344242C5D9FD300F7CE33 /* Info.plist */,
			);
			path = newSearchJoselyn;
			sourceTree = "<group>";
		};
		7E83442A2C5DA0C900F7CE33 /* Search */ = {
			isa = PBXGroup;
			children = (
				7E83441A2C5D9FD200F7CE33 /* SearchViewController.swift */,
				7E83442B2C5DA12D00F7CE33 /* SearchViewModel.swift */,
				7E8344302C5DD29F00F7CE33 /* ListAirportViewController.swift */,
				7E8344322C5DD7EB00F7CE33 /* CellViewController.swift */,
				7E8344342C5EA39600F7CE33 /* LocationMapViewController.swift */,
				7E83442D2C5DA13100F7CE33 /* Model */,
			);
			path = Search;
			sourceTree = "<group>";
		};
		7E83442D2C5DA13100F7CE33 /* Model */ = {
			isa = PBXGroup;
			children = (
				7E83442E2C5DA14300F7CE33 /* APIModel.swift */,
			);
			path = Model;
			sourceTree = "<group>";
		};
		84EEB32A3B080474B91C408C /* Pods */ = {
			isa = PBXGroup;
			children = (
				B3D89E42CA63CE917AC5CD95 /* Pods-newSearchJoselyn.debug.xcconfig */,
				A374B6D1B02DA166A8687D64 /* Pods-newSearchJoselyn.release.xcconfig */,
			);
			path = Pods;
			sourceTree = "<group>";
		};
/* End PBXGroup section */

/* Begin PBXNativeTarget section */
		7E8344122C5D9FD200F7CE33 /* newSearchJoselyn */ = {
			isa = PBXNativeTarget;
			buildConfigurationList = 7E8344272C5D9FD300F7CE33 /* Build configuration list for PBXNativeTarget "newSearchJoselyn" */;
			buildPhases = (
				195E1C74A73EEF200B056E90 /* [CP] Check Pods Manifest.lock */,
				7E83440F2C5D9FD200F7CE33 /* Sources */,
				7E8344102C5D9FD200F7CE33 /* Frameworks */,
				7E8344112C5D9FD200F7CE33 /* Resources */,
			);
			buildRules = (
			);
			dependencies = (
			);
			name = newSearchJoselyn;
			productName = newSearchJoselyn;
			productReference = 7E8344132C5D9FD200F7CE33 /* newSearchJoselyn.app */;
			productType = "com.apple.product-type.application";
		};
/* End PBXNativeTarget section */

/* Begin PBXProject section */
		7E83440B2C5D9FD200F7CE33 /* Project object */ = {
			isa = PBXProject;
			attributes = {
				BuildIndependentTargetsInParallel = 1;
				LastSwiftUpdateCheck = 1540;
				LastUpgradeCheck = 1540;
				TargetAttributes = {
					7E8344122C5D9FD200F7CE33 = {
						CreatedOnToolsVersion = 15.4;
					};
				};
			};
			buildConfigurationList = 7E83440E2C5D9FD200F7CE33 /* Build configuration list for PBXProject "newSearchJoselyn" */;
			compatibilityVersion = "Xcode 14.0";
			developmentRegion = en;
			hasScannedForEncodings = 0;
			knownRegions = (
				en,
				Base,
			);
			mainGroup = 7E83440A2C5D9FD200F7CE33;
			productRefGroup = 7E8344142C5D9FD200F7CE33 /* Products */;
			projectDirPath = "";
			projectRoot = "";
			targets = (
				7E8344122C5D9FD200F7CE33 /* newSearchJoselyn */,
			);
		};
/* End PBXProject section */

/* Begin PBXResourcesBuildPhase section */
		7E8344112C5D9FD200F7CE33 /* Resources */ = {
			isa = PBXResourcesBuildPhase;
			buildActionMask = 2147483647;
			files = (
				7E83443B2C5EC3C000F7CE33 /* Main.storyboard in Resources */,
				7E8344202C5D9FD300F7CE33 /* Assets.xcassets in Resources */,
				7E8344232C5D9FD300F7CE33 /* Base in Resources */,
			);
			runOnlyForDeploymentPostprocessing = 0;
		};
/* End PBXResourcesBuildPhase section */

/* Begin PBXShellScriptBuildPhase section */
		195E1C74A73EEF200B056E90 /* [CP] Check Pods Manifest.lock */ = {
			isa = PBXShellScriptBuildPhase;
			buildActionMask = 2147483647;
			files = (
			);
			inputFileListPaths = (
			);
			inputPaths = (
				"${PODS_PODFILE_DIR_PATH}/Podfile.lock",
				"${PODS_ROOT}/Manifest.lock",
			);
			name = "[CP] Check Pods Manifest.lock";
			outputFileListPaths = (
			);
			outputPaths = (
				"$(DERIVED_FILE_DIR)/Pods-newSearchJoselyn-checkManifestLockResult.txt",
			);
			runOnlyForDeploymentPostprocessing = 0;
			shellPath = /bin/sh;
			shellScript = "diff \"${PODS_PODFILE_DIR_PATH}/Podfile.lock\" \"${PODS_ROOT}/Manifest.lock\" > /dev/null\nif [ $? != 0 ] ; then\n    # print error to STDERR\n    echo \"error: The sandbox is not in sync with the Podfile.lock. Run 'pod install' or update your CocoaPods installation.\" >&2\n    exit 1\nfi\n# This output is used by Xcode 'outputs' to avoid re-running this script phase.\necho \"SUCCESS\" > \"${SCRIPT_OUTPUT_FILE_0}\"\n";
			showEnvVarsInLog = 0;
		};
/* End PBXShellScriptBuildPhase section */

/* Begin PBXSourcesBuildPhase section */
		7E83440F2C5D9FD200F7CE33 /* Sources */ = {
			isa = PBXSourcesBuildPhase;
			buildActionMask = 2147483647;
			files = (
				7E8344352C5EA39600F7CE33 /* LocationMapViewController.swift in Sources */,
				7E8344332C5DD7EB00F7CE33 /* CellViewController.swift in Sources */,
				7E83441B2C5D9FD200F7CE33 /* SearchViewController.swift in Sources */,
				7E8344172C5D9FD200F7CE33 /* AppDelegate.swift in Sources */,
				7E8344312C5DD29F00F7CE33 /* ListAirportViewController.swift in Sources */,
				7E83442C2C5DA12D00F7CE33 /* SearchViewModel.swift in Sources */,
				7E8344192C5D9FD200F7CE33 /* SceneDelegate.swift in Sources */,
				7E83442F2C5DA14300F7CE33 /* APIModel.swift in Sources */,
			);
			runOnlyForDeploymentPostprocessing = 0;
		};
/* End PBXSourcesBuildPhase section */

/* Begin PBXVariantGroup section */
		7E8344212C5D9FD300F7CE33 /* LaunchScreen.storyboard */ = {
			isa = PBXVariantGroup;
			children = (
				7E8344222C5D9FD300F7CE33 /* Base */,
			);
			name = LaunchScreen.storyboard;
			sourceTree = "<group>";
		};
		7E8344392C5EC15A00F7CE33 /* Main.storyboard */ = {
			isa = PBXVariantGroup;
			children = (
				7E8344382C5EC15A00F7CE33 /* Base */,
				7E83443A2C5EC15A00F7CE33 /* mul */,
			);
			name = Main.storyboard;
			sourceTree = "<group>";
		};
/* End PBXVariantGroup section */

/* Begin XCBuildConfiguration section */
		7E8344252C5D9FD300F7CE33 /* Debug */ = {
			isa = XCBuildConfiguration;
			buildSettings = {
				ALWAYS_SEARCH_USER_PATHS = NO;
				ASSETCATALOG_COMPILER_GENERATE_SWIFT_ASSET_SYMBOL_EXTENSIONS = YES;
				CLANG_ANALYZER_NONNULL = YES;
				CLANG_ANALYZER_NUMBER_OBJECT_CONVERSION = YES_AGGRESSIVE;
				CLANG_CXX_LANGUAGE_STANDARD = "gnu++20";
				CLANG_ENABLE_MODULES = YES;
				CLANG_ENABLE_OBJC_ARC = YES;
				CLANG_ENABLE_OBJC_WEAK = YES;
				CLANG_WARN_BLOCK_CAPTURE_AUTORELEASING = YES;
				CLANG_WARN_BOOL_CONVERSION = YES;
				CLANG_WARN_COMMA = YES;
				CLANG_WARN_CONSTANT_CONVERSION = YES;
				CLANG_WARN_DEPRECATED_OBJC_IMPLEMENTATIONS = YES;
				CLANG_WARN_DIRECT_OBJC_ISA_USAGE = YES_ERROR;
				CLANG_WARN_DOCUMENTATION_COMMENTS = YES;
				CLANG_WARN_EMPTY_BODY = YES;
				CLANG_WARN_ENUM_CONVERSION = YES;
				CLANG_WARN_INFINITE_RECURSION = YES;
				CLANG_WARN_INT_CONVERSION = YES;
				CLANG_WARN_NON_LITERAL_NULL_CONVERSION = YES;
				CLANG_WARN_OBJC_IMPLICIT_RETAIN_SELF = YES;
				CLANG_WARN_OBJC_LITERAL_CONVERSION = YES;
				CLANG_WARN_OBJC_ROOT_CLASS = YES_ERROR;
				CLANG_WARN_QUOTED_INCLUDE_IN_FRAMEWORK_HEADER = YES;
				CLANG_WARN_RANGE_LOOP_ANALYSIS = YES;
				CLANG_WARN_STRICT_PROTOTYPES = YES;
				CLANG_WARN_SUSPICIOUS_MOVE = YES;
				CLANG_WARN_UNGUARDED_AVAILABILITY = YES_AGGRESSIVE;
				CLANG_WARN_UNREACHABLE_CODE = YES;
				CLANG_WARN__DUPLICATE_METHOD_MATCH = YES;
				COPY_PHASE_STRIP = NO;
				DEBUG_INFORMATION_FORMAT = dwarf;
				ENABLE_STRICT_OBJC_MSGSEND = YES;
				ENABLE_TESTABILITY = YES;
				ENABLE_USER_SCRIPT_SANDBOXING = YES;
				GCC_C_LANGUAGE_STANDARD = gnu17;
				GCC_DYNAMIC_NO_PIC = NO;
				GCC_NO_COMMON_BLOCKS = YES;
				GCC_OPTIMIZATION_LEVEL = 0;
				GCC_PREPROCESSOR_DEFINITIONS = (
					"DEBUG=1",
					"$(inherited)",
				);
				GCC_WARN_64_TO_32_BIT_CONVERSION = YES;
				GCC_WARN_ABOUT_RETURN_TYPE = YES_ERROR;
				GCC_WARN_UNDECLARED_SELECTOR = YES;
				GCC_WARN_UNINITIALIZED_AUTOS = YES_AGGRESSIVE;
				GCC_WARN_UNUSED_FUNCTION = YES;
				GCC_WARN_UNUSED_VARIABLE = YES;
				IPHONEOS_DEPLOYMENT_TARGET = 17.5;
				LOCALIZATION_PREFERS_STRING_CATALOGS = YES;
				MTL_ENABLE_DEBUG_INFO = INCLUDE_SOURCE;
				MTL_FAST_MATH = YES;
				ONLY_ACTIVE_ARCH = YES;
				SDKROOT = iphoneos;
				SWIFT_ACTIVE_COMPILATION_CONDITIONS = "DEBUG $(inherited)";
				SWIFT_OPTIMIZATION_LEVEL = "-Onone";
			};
			name = Debug;
		};
		7E8344262C5D9FD300F7CE33 /* Release */ = {
			isa = XCBuildConfiguration;
			buildSettings = {
				ALWAYS_SEARCH_USER_PATHS = NO;
				ASSETCATALOG_COMPILER_GENERATE_SWIFT_ASSET_SYMBOL_EXTENSIONS = YES;
				CLANG_ANALYZER_NONNULL = YES;
				CLANG_ANALYZER_NUMBER_OBJECT_CONVERSION = YES_AGGRESSIVE;
				CLANG_CXX_LANGUAGE_STANDARD = "gnu++20";
				CLANG_ENABLE_MODULES = YES;
				CLANG_ENABLE_OBJC_ARC = YES;
				CLANG_ENABLE_OBJC_WEAK = YES;
				CLANG_WARN_BLOCK_CAPTURE_AUTORELEASING = YES;
				CLANG_WARN_BOOL_CONVERSION = YES;
				CLANG_WARN_COMMA = YES;
				CLANG_WARN_CONSTANT_CONVERSION = YES;
				CLANG_WARN_DEPRECATED_OBJC_IMPLEMENTATIONS = YES;
				CLANG_WARN_DIRECT_OBJC_ISA_USAGE = YES_ERROR;
				CLANG_WARN_DOCUMENTATION_COMMENTS = YES;
				CLANG_WARN_EMPTY_BODY = YES;
				CLANG_WARN_ENUM_CONVERSION = YES;
				CLANG_WARN_INFINITE_RECURSION = YES;
				CLANG_WARN_INT_CONVERSION = YES;
				CLANG_WARN_NON_LITERAL_NULL_CONVERSION = YES;
				CLANG_WARN_OBJC_IMPLICIT_RETAIN_SELF = YES;
				CLANG_WARN_OBJC_LITERAL_CONVERSION = YES;
				CLANG_WARN_OBJC_ROOT_CLASS = YES_ERROR;
				CLANG_WARN_QUOTED_INCLUDE_IN_FRAMEWORK_HEADER = YES;
				CLANG_WARN_RANGE_LOOP_ANALYSIS = YES;
				CLANG_WARN_STRICT_PROTOTYPES = YES;
				CLANG_WARN_SUSPICIOUS_MOVE = YES;
				CLANG_WARN_UNGUARDED_AVAILABILITY = YES_AGGRESSIVE;
				CLANG_WARN_UNREACHABLE_CODE = YES;
				CLANG_WARN__DUPLICATE_METHOD_MATCH = YES;
				COPY_PHASE_STRIP = NO;
				DEBUG_INFORMATION_FORMAT = "dwarf-with-dsym";
				ENABLE_NS_ASSERTIONS = NO;
				ENABLE_STRICT_OBJC_MSGSEND = YES;
				ENABLE_USER_SCRIPT_SANDBOXING = YES;
				GCC_C_LANGUAGE_STANDARD = gnu17;
				GCC_NO_COMMON_BLOCKS = YES;
				GCC_WARN_64_TO_32_BIT_CONVERSION = YES;
				GCC_WARN_ABOUT_RETURN_TYPE = YES_ERROR;
				GCC_WARN_UNDECLARED_SELECTOR = YES;
				GCC_WARN_UNINITIALIZED_AUTOS = YES_AGGRESSIVE;
				GCC_WARN_UNUSED_FUNCTION = YES;
				GCC_WARN_UNUSED_VARIABLE = YES;
				IPHONEOS_DEPLOYMENT_TARGET = 17.5;
				LOCALIZATION_PREFERS_STRING_CATALOGS = YES;
				MTL_ENABLE_DEBUG_INFO = NO;
				MTL_FAST_MATH = YES;
				SDKROOT = iphoneos;
				SWIFT_COMPILATION_MODE = wholemodule;
				VALIDATE_PRODUCT = YES;
			};
			name = Release;
		};
		7E8344282C5D9FD300F7CE33 /* Debug */ = {
			isa = XCBuildConfiguration;
			baseConfigurationReference = B3D89E42CA63CE917AC5CD95 /* Pods-newSearchJoselyn.debug.xcconfig */;
			buildSettings = {
				ASSETCATALOG_COMPILER_APPICON_NAME = AppIcon;
				ASSETCATALOG_COMPILER_GLOBAL_ACCENT_COLOR_NAME = AccentColor;
				CODE_SIGN_STYLE = Automatic;
				CURRENT_PROJECT_VERSION = 1;
				DEVELOPMENT_TEAM = 6H79V4TH7F;
				GENERATE_INFOPLIST_FILE = YES;
				INFOPLIST_FILE = newSearchJoselyn/Info.plist;
				INFOPLIST_KEY_NSLocationWhenInUseUsageDescription = "Use Location";
				INFOPLIST_KEY_UIApplicationSupportsIndirectInputEvents = YES;
				INFOPLIST_KEY_UILaunchStoryboardName = LaunchScreen;
				INFOPLIST_KEY_UIMainStoryboardFile = Main;
				INFOPLIST_KEY_UIStatusBarStyle = "";
				INFOPLIST_KEY_UISupportedInterfaceOrientations_iPad = "UIInterfaceOrientationPortrait UIInterfaceOrientationPortraitUpsideDown UIInterfaceOrientationLandscapeLeft UIInterfaceOrientationLandscapeRight";
				INFOPLIST_KEY_UISupportedInterfaceOrientations_iPhone = "UIInterfaceOrientationPortrait UIInterfaceOrientationLandscapeLeft UIInterfaceOrientationLandscapeRight";
				LD_RUNPATH_SEARCH_PATHS = (
					"$(inherited)",
					"@executable_path/Frameworks",
				);
				MARKETING_VERSION = 1.0;
				PRODUCT_BUNDLE_IDENTIFIER = com.Cordero.newSearchJoselyn;
				PRODUCT_NAME = "$(TARGET_NAME)";
				SWIFT_EMIT_LOC_STRINGS = YES;
				SWIFT_VERSION = 5.0;
				TARGETED_DEVICE_FAMILY = "1,2";
			};
			name = Debug;
		};
		7E8344292C5D9FD300F7CE33 /* Release */ = {
			isa = XCBuildConfiguration;
			baseConfigurationReference = A374B6D1B02DA166A8687D64 /* Pods-newSearchJoselyn.release.xcconfig */;
			buildSettings = {
				ASSETCATALOG_COMPILER_APPICON_NAME = AppIcon;
				ASSETCATALOG_COMPILER_GLOBAL_ACCENT_COLOR_NAME = AccentColor;
				CODE_SIGN_STYLE = Automatic;
				CURRENT_PROJECT_VERSION = 1;
				DEVELOPMENT_TEAM = 6H79V4TH7F;
				GENERATE_INFOPLIST_FILE = YES;
				INFOPLIST_FILE = newSearchJoselyn/Info.plist;
				INFOPLIST_KEY_NSLocationWhenInUseUsageDescription = "Use Location";
				INFOPLIST_KEY_UIApplicationSupportsIndirectInputEvents = YES;
				INFOPLIST_KEY_UILaunchStoryboardName = LaunchScreen;
				INFOPLIST_KEY_UIMainStoryboardFile = Main;
				INFOPLIST_KEY_UIStatusBarStyle = "";
				INFOPLIST_KEY_UISupportedInterfaceOrientations_iPad = "UIInterfaceOrientationPortrait UIInterfaceOrientationPortraitUpsideDown UIInterfaceOrientationLandscapeLeft UIInterfaceOrientationLandscapeRight";
				INFOPLIST_KEY_UISupportedInterfaceOrientations_iPhone = "UIInterfaceOrientationPortrait UIInterfaceOrientationLandscapeLeft UIInterfaceOrientationLandscapeRight";
				LD_RUNPATH_SEARCH_PATHS = (
					"$(inherited)",
					"@executable_path/Frameworks",
				);
				MARKETING_VERSION = 1.0;
				PRODUCT_BUNDLE_IDENTIFIER = com.Cordero.newSearchJoselyn;
				PRODUCT_NAME = "$(TARGET_NAME)";
				SWIFT_EMIT_LOC_STRINGS = YES;
				SWIFT_VERSION = 5.0;
				TARGETED_DEVICE_FAMILY = "1,2";
			};
			name = Release;
		};
/* End XCBuildConfiguration section */

/* Begin XCConfigurationList section */
		7E83440E2C5D9FD200F7CE33 /* Build configuration list for PBXProject "newSearchJoselyn" */ = {
			isa = XCConfigurationList;
			buildConfigurations = (
				7E8344252C5D9FD300F7CE33 /* Debug */,
				7E8344262C5D9FD300F7CE33 /* Release */,
			);
			defaultConfigurationIsVisible = 0;
			defaultConfigurationName = Release;
		};
		7E8344272C5D9FD300F7CE33 /* Build configuration list for PBXNativeTarget "newSearchJoselyn" */ = {
			isa = XCConfigurationList;
			buildConfigurations = (
				7E8344282C5D9FD300F7CE33 /* Debug */,
				7E8344292C5D9FD300F7CE33 /* Release */,
			);
			defaultConfigurationIsVisible = 0;
			defaultConfigurationName = Release;
		};
/* End XCConfigurationList section */
	};
	rootObject = 7E83440B2C5D9FD200F7CE33 /* Project object */;
}
